// !$*UTF8*$!
{
	archiveVersion = 1;
	classes = {
	};
	objectVersion = 56;
	objects = {

/* Begin PBXBuildFile section */
		4A1EC8CB2932C70B00DA4A3D /* LoginView.swift in Sources */ = {isa = PBXBuildFile; fileRef = 4A1EC8CA2932C70B00DA4A3D /* LoginView.swift */; };
		4A1EC8CD2932CE6800DA4A3D /* Token.swift in Sources */ = {isa = PBXBuildFile; fileRef = 4A1EC8CC2932CE6800DA4A3D /* Token.swift */; };
		4A1EC8CF2932CF8200DA4A3D /* LoginRequest.swift in Sources */ = {isa = PBXBuildFile; fileRef = 4A1EC8CE2932CF8200DA4A3D /* LoginRequest.swift */; };
		4ABEE3F12933D5A0003021A1 /* TeamListView.swift in Sources */ = {isa = PBXBuildFile; fileRef = 4ABEE3F02933D5A0003021A1 /* TeamListView.swift */; };
		4ABEE3F32933DEB9003021A1 /* MatchesListView.swift in Sources */ = {isa = PBXBuildFile; fileRef = 4ABEE3F22933DEB9003021A1 /* MatchesListView.swift */; };
		4ABEE3F52933DF6F003021A1 /* Match.swift in Sources */ = {isa = PBXBuildFile; fileRef = 4ABEE3F42933DF6F003021A1 /* Match.swift */; };
		4ABEE3F82933EAA1003021A1 /* WrapperStruct.swift in Sources */ = {isa = PBXBuildFile; fileRef = 4ABEE3F72933EAA1003021A1 /* WrapperStruct.swift */; };
		4ADF3969292FB26E00128D08 /* WorldCupDataApp.swift in Sources */ = {isa = PBXBuildFile; fileRef = 4ADF3968292FB26E00128D08 /* WorldCupDataApp.swift */; };
		4ADF396B292FB26E00128D08 /* MainView.swift in Sources */ = {isa = PBXBuildFile; fileRef = 4ADF396A292FB26E00128D08 /* MainView.swift */; };
		4ADF396D292FB26F00128D08 /* Assets.xcassets in Resources */ = {isa = PBXBuildFile; fileRef = 4ADF396C292FB26F00128D08 /* Assets.xcassets */; };
		4ADF3970292FB26F00128D08 /* Preview Assets.xcassets in Resources */ = {isa = PBXBuildFile; fileRef = 4ADF396F292FB26F00128D08 /* Preview Assets.xcassets */; };
		4ADF3978292FB31F00128D08 /* ComposableArchitecture in Frameworks */ = {isa = PBXBuildFile; productRef = 4ADF3977292FB31F00128D08 /* ComposableArchitecture */; };
		4ADF397A292FB31F00128D08 /* Dependencies in Frameworks */ = {isa = PBXBuildFile; productRef = 4ADF3979292FB31F00128D08 /* Dependencies */; };
		4ADF397F292FB37E00128D08 /* WorldCupFeature.swift in Sources */ = {isa = PBXBuildFile; fileRef = 4ADF397E292FB37E00128D08 /* WorldCupFeature.swift */; };
		4ADF3982292FB40A00128D08 /* Team.swift in Sources */ = {isa = PBXBuildFile; fileRef = 4ADF3981292FB40A00128D08 /* Team.swift */; };
		4ADF3986292FCE8900128D08 /* APIResponse.swift in Sources */ = {isa = PBXBuildFile; fileRef = 4ADF3985292FCE8900128D08 /* APIResponse.swift */; };
/* End PBXBuildFile section */

/* Begin PBXFileReference section */
		4A1EC8CA2932C70B00DA4A3D /* LoginView.swift */ = {isa = PBXFileReference; lastKnownFileType = sourcecode.swift; path = LoginView.swift; sourceTree = "<group>"; };
		4A1EC8CC2932CE6800DA4A3D /* Token.swift */ = {isa = PBXFileReference; lastKnownFileType = sourcecode.swift; path = Token.swift; sourceTree = "<group>"; };
		4A1EC8CE2932CF8200DA4A3D /* LoginRequest.swift */ = {isa = PBXFileReference; lastKnownFileType = sourcecode.swift; path = LoginRequest.swift; sourceTree = "<group>"; };
		4ABEE3F02933D5A0003021A1 /* TeamListView.swift */ = {isa = PBXFileReference; lastKnownFileType = sourcecode.swift; path = TeamListView.swift; sourceTree = "<group>"; };
		4ABEE3F22933DEB9003021A1 /* MatchesListView.swift */ = {isa = PBXFileReference; lastKnownFileType = sourcecode.swift; path = MatchesListView.swift; sourceTree = "<group>"; };
		4ABEE3F42933DF6F003021A1 /* Match.swift */ = {isa = PBXFileReference; lastKnownFileType = sourcecode.swift; path = Match.swift; sourceTree = "<group>"; };
		4ABEE3F72933EAA1003021A1 /* WrapperStruct.swift */ = {isa = PBXFileReference; lastKnownFileType = sourcecode.swift; path = WrapperStruct.swift; sourceTree = "<group>"; };
		4ADF3965292FB26E00128D08 /* WorldCupData.app */ = {isa = PBXFileReference; explicitFileType = wrapper.application; includeInIndex = 0; path = WorldCupData.app; sourceTree = BUILT_PRODUCTS_DIR; };
		4ADF3968292FB26E00128D08 /* WorldCupDataApp.swift */ = {isa = PBXFileReference; lastKnownFileType = sourcecode.swift; path = WorldCupDataApp.swift; sourceTree = "<group>"; };
		4ADF396A292FB26E00128D08 /* MainView.swift */ = {isa = PBXFileReference; lastKnownFileType = sourcecode.swift; path = MainView.swift; sourceTree = "<group>"; };
		4ADF396C292FB26F00128D08 /* Assets.xcassets */ = {isa = PBXFileReference; lastKnownFileType = folder.assetcatalog; path = Assets.xcassets; sourceTree = "<group>"; };
		4ADF396F292FB26F00128D08 /* Preview Assets.xcassets */ = {isa = PBXFileReference; lastKnownFileType = folder.assetcatalog; path = "Preview Assets.xcassets"; sourceTree = "<group>"; };
		4ADF397E292FB37E00128D08 /* WorldCupFeature.swift */ = {isa = PBXFileReference; lastKnownFileType = sourcecode.swift; path = WorldCupFeature.swift; sourceTree = "<group>"; };
		4ADF3981292FB40A00128D08 /* Team.swift */ = {isa = PBXFileReference; lastKnownFileType = sourcecode.swift; path = Team.swift; sourceTree = "<group>"; };
		4ADF3984292FCA4200128D08 /* Info.plist */ = {isa = PBXFileReference; lastKnownFileType = text.plist; path = Info.plist; sourceTree = "<group>"; };
		4ADF3985292FCE8900128D08 /* APIResponse.swift */ = {isa = PBXFileReference; lastKnownFileType = sourcecode.swift; path = APIResponse.swift; sourceTree = "<group>"; };
/* End PBXFileReference section */

/* Begin PBXFrameworksBuildPhase section */
		4ADF3962292FB26E00128D08 /* Frameworks */ = {
			isa = PBXFrameworksBuildPhase;
			buildActionMask = 2147483647;
			files = (
				4ADF3978292FB31F00128D08 /* ComposableArchitecture in Frameworks */,
				4ADF397A292FB31F00128D08 /* Dependencies in Frameworks */,
			);
			runOnlyForDeploymentPostprocessing = 0;
		};
/* End PBXFrameworksBuildPhase section */

/* Begin PBXGroup section */
		4ABEE3F62933EA8C003021A1 /* Utils */ = {
			isa = PBXGroup;
			children = (
				4ABEE3F72933EAA1003021A1 /* WrapperStruct.swift */,
			);
			path = Utils;
			sourceTree = "<group>";
		};
		4ADF395C292FB26E00128D08 = {
			isa = PBXGroup;
			children = (
				4ADF3967292FB26E00128D08 /* WorldCupData */,
				4ADF3966292FB26E00128D08 /* Products */,
			);
			sourceTree = "<group>";
		};
		4ADF3966292FB26E00128D08 /* Products */ = {
			isa = PBXGroup;
			children = (
				4ADF3965292FB26E00128D08 /* WorldCupData.app */,
			);
			name = Products;
			sourceTree = "<group>";
		};
		4ADF3967292FB26E00128D08 /* WorldCupData */ = {
			isa = PBXGroup;
			children = (
				4ABEE3F62933EA8C003021A1 /* Utils */,
				4ADF3984292FCA4200128D08 /* Info.plist */,
				4ADF3983292FB6FD00128D08 /* Request */,
				4ADF3980292FB3FE00128D08 /* Models */,
				4ADF397C292FB35500128D08 /* Views */,
				4ADF397B292FB34700128D08 /* Features */,
				4ADF3968292FB26E00128D08 /* WorldCupDataApp.swift */,
				4ADF396C292FB26F00128D08 /* Assets.xcassets */,
				4ADF396E292FB26F00128D08 /* Preview Content */,
			);
			path = WorldCupData;
			sourceTree = "<group>";
		};
		4ADF396E292FB26F00128D08 /* Preview Content */ = {
			isa = PBXGroup;
			children = (
				4ADF396F292FB26F00128D08 /* Preview Assets.xcassets */,
			);
			path = "Preview Content";
			sourceTree = "<group>";
		};
		4ADF397B292FB34700128D08 /* Features */ = {
			isa = PBXGroup;
			children = (
				4ADF397E292FB37E00128D08 /* WorldCupFeature.swift */,
			);
			path = Features;
			sourceTree = "<group>";
		};
		4ADF397C292FB35500128D08 /* Views */ = {
			isa = PBXGroup;
			children = (
				4ADF396A292FB26E00128D08 /* MainView.swift */,
				4A1EC8CA2932C70B00DA4A3D /* LoginView.swift */,
				4ABEE3F02933D5A0003021A1 /* TeamListView.swift */,
				4ABEE3F22933DEB9003021A1 /* MatchesListView.swift */,
			);
			path = Views;
			sourceTree = "<group>";
		};
		4ADF3980292FB3FE00128D08 /* Models */ = {
			isa = PBXGroup;
			children = (
				4ADF3981292FB40A00128D08 /* Team.swift */,
				4ADF3985292FCE8900128D08 /* APIResponse.swift */,
				4A1EC8CC2932CE6800DA4A3D /* Token.swift */,
				4A1EC8CE2932CF8200DA4A3D /* LoginRequest.swift */,
				4ABEE3F42933DF6F003021A1 /* Match.swift */,
			);
			path = Models;
			sourceTree = "<group>";
		};
		4ADF3983292FB6FD00128D08 /* Request */ = {
			isa = PBXGroup;
			children = (
			);
			path = Request;
			sourceTree = "<group>";
		};
/* End PBXGroup section */

/* Begin PBXNativeTarget section */
		4ADF3964292FB26E00128D08 /* WorldCupData */ = {
			isa = PBXNativeTarget;
			buildConfigurationList = 4ADF3973292FB26F00128D08 /* Build configuration list for PBXNativeTarget "WorldCupData" */;
			buildPhases = (
				4ADF3961292FB26E00128D08 /* Sources */,
				4ADF3962292FB26E00128D08 /* Frameworks */,
				4ADF3963292FB26E00128D08 /* Resources */,
			);
			buildRules = (
			);
			dependencies = (
			);
			name = WorldCupData;
			packageProductDependencies = (
				4ADF3977292FB31F00128D08 /* ComposableArchitecture */,
				4ADF3979292FB31F00128D08 /* Dependencies */,
			);
			productName = WorldCupData;
			productReference = 4ADF3965292FB26E00128D08 /* WorldCupData.app */;
			productType = "com.apple.product-type.application";
		};
/* End PBXNativeTarget section */

/* Begin PBXProject section */
		4ADF395D292FB26E00128D08 /* Project object */ = {
			isa = PBXProject;
			attributes = {
				BuildIndependentTargetsInParallel = 1;
				LastSwiftUpdateCheck = 1410;
				LastUpgradeCheck = 1410;
				TargetAttributes = {
					4ADF3964292FB26E00128D08 = {
						CreatedOnToolsVersion = 14.1;
					};
				};
			};
			buildConfigurationList = 4ADF3960292FB26E00128D08 /* Build configuration list for PBXProject "WorldCupData" */;
			compatibilityVersion = "Xcode 14.0";
			developmentRegion = en;
			hasScannedForEncodings = 0;
			knownRegions = (
				en,
				Base,
			);
			mainGroup = 4ADF395C292FB26E00128D08;
			packageReferences = (
				4ADF3976292FB31F00128D08 /* XCRemoteSwiftPackageReference "swift-composable-architecture" */,
			);
			productRefGroup = 4ADF3966292FB26E00128D08 /* Products */;
			projectDirPath = "";
			projectRoot = "";
			targets = (
				4ADF3964292FB26E00128D08 /* WorldCupData */,
			);
		};
/* End PBXProject section */

/* Begin PBXResourcesBuildPhase section */
		4ADF3963292FB26E00128D08 /* Resources */ = {
			isa = PBXResourcesBuildPhase;
			buildActionMask = 2147483647;
			files = (
				4ADF3970292FB26F00128D08 /* Preview Assets.xcassets in Resources */,
				4ADF396D292FB26F00128D08 /* Assets.xcassets in Resources */,
			);
			runOnlyForDeploymentPostprocessing = 0;
		};
/* End PBXResourcesBuildPhase section */

/* Begin PBXSourcesBuildPhase section */
		4ADF3961292FB26E00128D08 /* Sources */ = {
			isa = PBXSourcesBuildPhase;
			buildActionMask = 2147483647;
			files = (
				4A1EC8CF2932CF8200DA4A3D /* LoginRequest.swift in Sources */,
				4ADF3982292FB40A00128D08 /* Team.swift in Sources */,
				4ABEE3F32933DEB9003021A1 /* MatchesListView.swift in Sources */,
				4A1EC8CB2932C70B00DA4A3D /* LoginView.swift in Sources */,
				4ABEE3F82933EAA1003021A1 /* WrapperStruct.swift in Sources */,
				4ADF396B292FB26E00128D08 /* MainView.swift in Sources */,
				4ABEE3F12933D5A0003021A1 /* TeamListView.swift in Sources */,
				4ADF397F292FB37E00128D08 /* WorldCupFeature.swift in Sources */,
				4ADF3986292FCE8900128D08 /* APIResponse.swift in Sources */,
				4ABEE3F52933DF6F003021A1 /* Match.swift in Sources */,
				4ADF3969292FB26E00128D08 /* WorldCupDataApp.swift in Sources */,
				4A1EC8CD2932CE6800DA4A3D /* Token.swift in Sources */,
			);
			runOnlyForDeploymentPostprocessing = 0;
		};
/* End PBXSourcesBuildPhase section */

/* Begin XCBuildConfiguration section */
		4ADF3971292FB26F00128D08 /* Debug */ = {
			isa = XCBuildConfiguration;
			buildSettings = {
				ALWAYS_SEARCH_USER_PATHS = NO;
				CLANG_ANALYZER_NONNULL = YES;
				CLANG_ANALYZER_NUMBER_OBJECT_CONVERSION = YES_AGGRESSIVE;
				CLANG_CXX_LANGUAGE_STANDARD = "gnu++20";
				CLANG_ENABLE_MODULES = YES;
				CLANG_ENABLE_OBJC_ARC = YES;
				CLANG_ENABLE_OBJC_WEAK = YES;
				CLANG_WARN_BLOCK_CAPTURE_AUTORELEASING = YES;
				CLANG_WARN_BOOL_CONVERSION = YES;
				CLANG_WARN_COMMA = YES;
				CLANG_WARN_CONSTANT_CONVERSION = YES;
				CLANG_WARN_DEPRECATED_OBJC_IMPLEMENTATIONS = YES;
				CLANG_WARN_DIRECT_OBJC_ISA_USAGE = YES_ERROR;
				CLANG_WARN_DOCUMENTATION_COMMENTS = YES;
				CLANG_WARN_EMPTY_BODY = YES;
				CLANG_WARN_ENUM_CONVERSION = YES;
				CLANG_WARN_INFINITE_RECURSION = YES;
				CLANG_WARN_INT_CONVERSION = YES;
				CLANG_WARN_NON_LITERAL_NULL_CONVERSION = YES;
				CLANG_WARN_OBJC_IMPLICIT_RETAIN_SELF = YES;
				CLANG_WARN_OBJC_LITERAL_CONVERSION = YES;
				CLANG_WARN_OBJC_ROOT_CLASS = YES_ERROR;
				CLANG_WARN_QUOTED_INCLUDE_IN_FRAMEWORK_HEADER = YES;
				CLANG_WARN_RANGE_LOOP_ANALYSIS = YES;
				CLANG_WARN_STRICT_PROTOTYPES = YES;
				CLANG_WARN_SUSPICIOUS_MOVE = YES;
				CLANG_WARN_UNGUARDED_AVAILABILITY = YES_AGGRESSIVE;
				CLANG_WARN_UNREACHABLE_CODE = YES;
				CLANG_WARN__DUPLICATE_METHOD_MATCH = YES;
				COPY_PHASE_STRIP = NO;
				DEBUG_INFORMATION_FORMAT = dwarf;
				ENABLE_STRICT_OBJC_MSGSEND = YES;
				ENABLE_TESTABILITY = YES;
				GCC_C_LANGUAGE_STANDARD = gnu11;
				GCC_DYNAMIC_NO_PIC = NO;
				GCC_NO_COMMON_BLOCKS = YES;
				GCC_OPTIMIZATION_LEVEL = 0;
				GCC_PREPROCESSOR_DEFINITIONS = (
					"DEBUG=1",
					"$(inherited)",
				);
				GCC_WARN_64_TO_32_BIT_CONVERSION = YES;
				GCC_WARN_ABOUT_RETURN_TYPE = YES_ERROR;
				GCC_WARN_UNDECLARED_SELECTOR = YES;
				GCC_WARN_UNINITIALIZED_AUTOS = YES_AGGRESSIVE;
				GCC_WARN_UNUSED_FUNCTION = YES;
				GCC_WARN_UNUSED_VARIABLE = YES;
				IPHONEOS_DEPLOYMENT_TARGET = 16.1;
				MTL_ENABLE_DEBUG_INFO = INCLUDE_SOURCE;
				MTL_FAST_MATH = YES;
				ONLY_ACTIVE_ARCH = YES;
				SDKROOT = iphoneos;
				SWIFT_ACTIVE_COMPILATION_CONDITIONS = DEBUG;
				SWIFT_OPTIMIZATION_LEVEL = "-Onone";
			};
			name = Debug;
		};
		4ADF3972292FB26F00128D08 /* Release */ = {
			isa = XCBuildConfiguration;
			buildSettings = {
				ALWAYS_SEARCH_USER_PATHS = NO;
				CLANG_ANALYZER_NONNULL = YES;
				CLANG_ANALYZER_NUMBER_OBJECT_CONVERSION = YES_AGGRESSIVE;
				CLANG_CXX_LANGUAGE_STANDARD = "gnu++20";
				CLANG_ENABLE_MODULES = YES;
				CLANG_ENABLE_OBJC_ARC = YES;
				CLANG_ENABLE_OBJC_WEAK = YES;
				CLANG_WARN_BLOCK_CAPTURE_AUTORELEASING = YES;
				CLANG_WARN_BOOL_CONVERSION = YES;
				CLANG_WARN_COMMA = YES;
				CLANG_WARN_CONSTANT_CONVERSION = YES;
				CLANG_WARN_DEPRECATED_OBJC_IMPLEMENTATIONS = YES;
				CLANG_WARN_DIRECT_OBJC_ISA_USAGE = YES_ERROR;
				CLANG_WARN_DOCUMENTATION_COMMENTS = YES;
				CLANG_WARN_EMPTY_BODY = YES;
				CLANG_WARN_ENUM_CONVERSION = YES;
				CLANG_WARN_INFINITE_RECURSION = YES;
				CLANG_WARN_INT_CONVERSION = YES;
				CLANG_WARN_NON_LITERAL_NULL_CONVERSION = YES;
				CLANG_WARN_OBJC_IMPLICIT_RETAIN_SELF = YES;
				CLANG_WARN_OBJC_LITERAL_CONVERSION = YES;
				CLANG_WARN_OBJC_ROOT_CLASS = YES_ERROR;
				CLANG_WARN_QUOTED_INCLUDE_IN_FRAMEWORK_HEADER = YES;
				CLANG_WARN_RANGE_LOOP_ANALYSIS = YES;
				CLANG_WARN_STRICT_PROTOTYPES = YES;
				CLANG_WARN_SUSPICIOUS_MOVE = YES;
				CLANG_WARN_UNGUARDED_AVAILABILITY = YES_AGGRESSIVE;
				CLANG_WARN_UNREACHABLE_CODE = YES;
				CLANG_WARN__DUPLICATE_METHOD_MATCH = YES;
				COPY_PHASE_STRIP = NO;
				DEBUG_INFORMATION_FORMAT = "dwarf-with-dsym";
				ENABLE_NS_ASSERTIONS = NO;
				ENABLE_STRICT_OBJC_MSGSEND = YES;
				GCC_C_LANGUAGE_STANDARD = gnu11;
				GCC_NO_COMMON_BLOCKS = YES;
				GCC_WARN_64_TO_32_BIT_CONVERSION = YES;
				GCC_WARN_ABOUT_RETURN_TYPE = YES_ERROR;
				GCC_WARN_UNDECLARED_SELECTOR = YES;
				GCC_WARN_UNINITIALIZED_AUTOS = YES_AGGRESSIVE;
				GCC_WARN_UNUSED_FUNCTION = YES;
				GCC_WARN_UNUSED_VARIABLE = YES;
				IPHONEOS_DEPLOYMENT_TARGET = 16.1;
				MTL_ENABLE_DEBUG_INFO = NO;
				MTL_FAST_MATH = YES;
				SDKROOT = iphoneos;
				SWIFT_COMPILATION_MODE = wholemodule;
				SWIFT_OPTIMIZATION_LEVEL = "-O";
				VALIDATE_PRODUCT = YES;
			};
			name = Release;
		};
		4ADF3974292FB26F00128D08 /* Debug */ = {
			isa = XCBuildConfiguration;
			buildSettings = {
				ASSETCATALOG_COMPILER_APPICON_NAME = AppIcon;
				ASSETCATALOG_COMPILER_GLOBAL_ACCENT_COLOR_NAME = AccentColor;
				CODE_SIGN_STYLE = Automatic;
				CURRENT_PROJECT_VERSION = 1;
				DEVELOPMENT_ASSET_PATHS = "\"WorldCupData/Preview Content\"";
				DEVELOPMENT_TEAM = JAKAGDSG69;
				ENABLE_PREVIEWS = YES;
				GENERATE_INFOPLIST_FILE = YES;
				INFOPLIST_FILE = WorldCupData/Info.plist;
				INFOPLIST_KEY_UIApplicationSceneManifest_Generation = YES;
				INFOPLIST_KEY_UIApplicationSupportsIndirectInputEvents = YES;
				INFOPLIST_KEY_UILaunchScreen_Generation = YES;
				INFOPLIST_KEY_UISupportedInterfaceOrientations_iPad = "UIInterfaceOrientationPortrait UIInterfaceOrientationPortraitUpsideDown UIInterfaceOrientationLandscapeLeft UIInterfaceOrientationLandscapeRight";
				INFOPLIST_KEY_UISupportedInterfaceOrientations_iPhone = "UIInterfaceOrientationPortrait UIInterfaceOrientationLandscapeLeft UIInterfaceOrientationLandscapeRight";
				LD_RUNPATH_SEARCH_PATHS = (
					"$(inherited)",
					"@executable_path/Frameworks",
				);
				MARKETING_VERSION = 1.0;
				PRODUCT_BUNDLE_IDENTIFIER = com.leoarmelin.WorldCupData;
				PRODUCT_NAME = "$(TARGET_NAME)";
				SWIFT_EMIT_LOC_STRINGS = YES;
				SWIFT_VERSION = 5.0;
				TARGETED_DEVICE_FAMILY = "1,2";
			};
			name = Debug;
		};
		4ADF3975292FB26F00128D08 /* Release */ = {
			isa = XCBuildConfiguration;
			buildSettings = {
				ASSETCATALOG_COMPILER_APPICON_NAME = AppIcon;
				ASSETCATALOG_COMPILER_GLOBAL_ACCENT_COLOR_NAME = AccentColor;
				CODE_SIGN_STYLE = Automatic;
				CURRENT_PROJECT_VERSION = 1;
				DEVELOPMENT_ASSET_PATHS = "\"WorldCupData/Preview Content\"";
				DEVELOPMENT_TEAM = JAKAGDSG69;
				ENABLE_PREVIEWS = YES;
				GENERATE_INFOPLIST_FILE = YES;
				INFOPLIST_FILE = WorldCupData/Info.plist;
				INFOPLIST_KEY_UIApplicationSceneManifest_Generation = YES;
				INFOPLIST_KEY_UIApplicationSupportsIndirectInputEvents = YES;
				INFOPLIST_KEY_UILaunchScreen_Generation = YES;
				INFOPLIST_KEY_UISupportedInterfaceOrientations_iPad = "UIInterfaceOrientationPortrait UIInterfaceOrientationPortraitUpsideDown UIInterfaceOrientationLandscapeLeft UIInterfaceOrientationLandscapeRight";
				INFOPLIST_KEY_UISupportedInterfaceOrientations_iPhone = "UIInterfaceOrientationPortrait UIInterfaceOrientationLandscapeLeft UIInterfaceOrientationLandscapeRight";
				LD_RUNPATH_SEARCH_PATHS = (
					"$(inherited)",
					"@executable_path/Frameworks",
				);
				MARKETING_VERSION = 1.0;
				PRODUCT_BUNDLE_IDENTIFIER = com.leoarmelin.WorldCupData;
				PRODUCT_NAME = "$(TARGET_NAME)";
				SWIFT_EMIT_LOC_STRINGS = YES;
				SWIFT_VERSION = 5.0;
				TARGETED_DEVICE_FAMILY = "1,2";
			};
			name = Release;
		};
/* End XCBuildConfiguration section */

/* Begin XCConfigurationList section */
		4ADF3960292FB26E00128D08 /* Build configuration list for PBXProject "WorldCupData" */ = {
			isa = XCConfigurationList;
			buildConfigurations = (
				4ADF3971292FB26F00128D08 /* Debug */,
				4ADF3972292FB26F00128D08 /* Release */,
			);
			defaultConfigurationIsVisible = 0;
			defaultConfigurationName = Release;
		};
		4ADF3973292FB26F00128D08 /* Build configuration list for PBXNativeTarget "WorldCupData" */ = {
			isa = XCConfigurationList;
			buildConfigurations = (
				4ADF3974292FB26F00128D08 /* Debug */,
				4ADF3975292FB26F00128D08 /* Release */,
			);
			defaultConfigurationIsVisible = 0;
			defaultConfigurationName = Release;
		};
/* End XCConfigurationList section */

/* Begin XCRemoteSwiftPackageReference section */
		4ADF3976292FB31F00128D08 /* XCRemoteSwiftPackageReference "swift-composable-architecture" */ = {
			isa = XCRemoteSwiftPackageReference;
			repositoryURL = "https://github.com/pointfreeco/swift-composable-architecture";
			requirement = {
				branch = main;
				kind = branch;
			};
		};
/* End XCRemoteSwiftPackageReference section */

/* Begin XCSwiftPackageProductDependency section */
		4ADF3977292FB31F00128D08 /* ComposableArchitecture */ = {
			isa = XCSwiftPackageProductDependency;
			package = 4ADF3976292FB31F00128D08 /* XCRemoteSwiftPackageReference "swift-composable-architecture" */;
			productName = ComposableArchitecture;
		};
		4ADF3979292FB31F00128D08 /* Dependencies */ = {
			isa = XCSwiftPackageProductDependency;
			package = 4ADF3976292FB31F00128D08 /* XCRemoteSwiftPackageReference "swift-composable-architecture" */;
			productName = Dependencies;
		};
/* End XCSwiftPackageProductDependency section */
	};
	rootObject = 4ADF395D292FB26E00128D08 /* Project object */;
}
